
Microsoft Visual Studio Solution File, Format Version 10.00
# Visual Studio 2008
Project("{8BC9CEB8-8B4A-11D0-8D11-00A0C91BC942}") = "dll_06", "dll_06\dll_06.vcproj", "{897C666A-5073-47B5-9AAE-4D02D3096873}"
EndProject
Global
	GlobalSection(SolutionConfigurationPlatforms) = preSolution
		Debug|Win32 = Debug|Win32
		Release|Win32 = Release|Win32
	EndGlobalSection
	GlobalSection(ProjectConfigurationPlatforms) = postSolution
		{897C666A-5073-47B5-9AAE-4D02D3096873}.Debug|Win32.ActiveCfg = Debug|Win32
		{897C666A-5073-47B5-9AAE-4D02D3096873}.Debug|Win32.Build.0 = Debug|Win32
		{897C666A-5073-47B5-9AAE-4D02D3096873}.Release|Win32.ActiveCfg = Release|Win32
		{897C666A-5073-47B5-9AAE-4D02D3096873}.Release|Win32.Build.0 = Release|Win32
	EndGlobalSection
	GlobalSection(SolutionProperties) = preSolution
		HideSolutionNode = FALSE
	EndGlobalSection
EndGlobal
